{
  "object": {
    "pins": [
      {
        "package": "Core",
        "repositoryURL": "https://github.com/vapor/core.git",
        "state": {
          "branch": null,
          "revision": "c64f63cb21631010952f7abfef719d376ab6a441",
          "version": "3.9.1"
        }
      },
      {
        "package": "Crypto",
        "repositoryURL": "https://github.com/vapor/crypto.git",
        "state": {
          "branch": null,
          "revision": "df8eb7d8ae51787b3a0628aa3975e67666da936c",
          "version": "3.3.3"
        }
      },
      {
        "package": "HTTP",
        "repositoryURL": "https://github.com/vapor/http.git",
        "state": {
          "branch": null,
          "revision": "3808ed0401379b6e9f4a053f03090ea9d658caa9",
          "version": "3.2.1"
        }
      },
      {
        "package": "LaunchAgent",
        "repositoryURL": "https://github.com/emorydunn/LaunchAgent.git",
        "state": {
          "branch": "df81b83",
          "revision": "df81b8315205c8d8f6e74b66c07106586b7d821b",
          "version": null
        }
      },
      {
        "package": "PMKEventKit",
        "repositoryURL": "https://github.com/PromiseKit/PMKEventKit.git",
        "state": {
          "branch": null,
          "revision": "66656636dbd680142c7a7ba6b52288eb5b006509",
          "version": "4.0.1"
        }
      },
      {
        "package": "PromiseKit",
        "repositoryURL": "https://github.com/mxcl/PromiseKit.git",
        "state": {
          "branch": null,
          "revision": "4d8d1287d2e50c53a9f8430ffe88925292838c57",
          "version": "6.11.0"
        }
      },
      {
        "package": "SlackKit",
        "repositoryURL": "https://github.com/pvzig/SlackKit.git",
        "state": {
          "branch": "c1a89ee",
          "revision": "c1a89eeddaf55c6433102757f1306a8a6837d98c",
          "version": null
        }
      },
      {
        "package": "Starscream",
        "repositoryURL": "https://github.com/daltoniam/Starscream",
        "state": {
          "branch": null,
          "revision": "ebdc260ea64e68f7569c62e8744b5cd15d3a49d6",
          "version": "3.0.6"
        }
      },
      {
        "package": "swift-nio",
        "repositoryURL": "https://github.com/apple/swift-nio.git",
        "state": {
          "branch": null,
          "revision": "ba7970fe396e8198b84c6c1b44b38a1d4e2eb6bd",
          "version": "1.14.1"
        }
      },
      {
        "package": "swift-nio-ssl",
        "repositoryURL": "https://github.com/apple/swift-nio-ssl.git",
        "state": {
          "branch": null,
          "revision": "0f3999f3e3c359cc74480c292644c3419e44a12f",
          "version": "1.4.0"
        }
      },
      {
        "package": "swift-nio-ssl-support",
        "repositoryURL": "https://github.com/apple/swift-nio-ssl-support.git",
        "state": {
          "branch": null,
          "revision": "c02eec4e0e6d351cd092938cf44195a8e669f555",
          "version": "1.0.0"
        }
      },
      {
        "package": "swift-nio-zlib-support",
        "repositoryURL": "https://github.com/apple/swift-nio-zlib-support.git",
        "state": {
          "branch": null,
          "revision": "37760e9a52030bb9011972c5213c3350fa9d41fd",
          "version": "1.0.0"
        }
      },
      {
        "package": "Swifter",
        "repositoryURL": "https://github.com/httpswift/swifter.git",
        "state": {
          "branch": null,
          "revision": "8b5afb48ae64d4f729f0489ddcfe09c62b9c3687",
          "version": "1.4.7"
        }
      },
      {
        "package": "WebSocket",
        "repositoryURL": "https://github.com/vapor/websocket",
        "state": {
          "branch": null,
          "revision": "d85e5b6dce4d04065865f77385fc3324f98178f6",
          "version": "1.1.2"
        }
      }
    ]
  },
  "version": 1
}
